
Microsoft Visual Studio Solution File, Format Version 12.00
# Visual Studio 15
VisualStudioVersion = 15.0.28307.1082
MinimumVisualStudioVersion = 10.0.40219.1
Project("{8BC9CEB8-8B4A-11D0-8D11-00A0C91BC942}") = "1612112", "1612112\1612112.vcxproj", "{9F5167B9-A3A4-4B8D-AE0F-1756771D2FDE}"
EndProject
Global
	GlobalSection(SolutionConfigurationPlatforms) = preSolution
		Debug|x64 = Debug|x64
		Debug|x86 = Debug|x86
		Release|x64 = Release|x64
		Release|x86 = Release|x86
	EndGlobalSection
	GlobalSection(ProjectConfigurationPlatforms) = postSolution
		{9F5167B9-A3A4-4B8D-AE0F-1756771D2FDE}.Debug|x64.ActiveCfg = Debug|x64
		{9F5167B9-A3A4-4B8D-AE0F-1756771D2FDE}.Debug|x64.Build.0 = Debug|x64
		{9F5167B9-A3A4-4B8D-AE0F-1756771D2FDE}.Debug|x86.ActiveCfg = Debug|Win32
		{9F5167B9-A3A4-4B8D-AE0F-1756771D2FDE}.Debug|x86.Build.0 = Debug|Win32
		{9F5167B9-A3A4-4B8D-AE0F-1756771D2FDE}.Release|x64.ActiveCfg = Release|x64
		{9F5167B9-A3A4-4B8D-AE0F-1756771D2FDE}.Release|x64.Build.0 = Release|x64
		{9F5167B9-A3A4-4B8D-AE0F-1756771D2FDE}.Release|x86.ActiveCfg = Release|Win32
		{9F5167B9-A3A4-4B8D-AE0F-1756771D2FDE}.Release|x86.Build.0 = Release|Win32
	EndGlobalSection
	GlobalSection(SolutionProperties) = preSolution
		HideSolutionNode = FALSE
	EndGlobalSection
	GlobalSection(ExtensibilityGlobals) = postSolution
		SolutionGuid = {B462B038-6FC1-4B7D-AAFF-3E5544A80D3F}
	EndGlobalSection
EndGlobal
